{
  "name": "@sobotics/chatapi",
  "version": "1.1.2",
  "lockfileVersion": 1,
  "requires": true,
  "dependencies": {
    "@sobotics/caching": {
      "version": "1.0.2",
      "resolved": "https://registry.npmjs.org/@sobotics/caching/-/caching-1.0.2.tgz",
      "integrity": "sha512-kHXgddZQioqpH47r2z5XoicgdGJbTSV6SwcvqneGvf9zgAwlZhh5NERHtLgZ6wsQJ55ZbocAcU6ic0Lrn+Eajg=="
    },
    "tslib": {
      "version": "1.8.0",
      "resolved": "https://registry.npmjs.org/tslib/-/tslib-1.8.0.tgz",
      "integrity": "sha512-ymKWWZJST0/CkgduC2qkzjMOWr4bouhuURNXCn/inEX0L57BnRG6FhX76o7FOnsjHazCjfU2LKeSrlS2sIKQJg=="
    }
  }
}
