{
  "name": "@sobotics/nattyapi",
  "version": "1.1.2",
  "lockfileVersion": 1,
  "requires": true,
  "dependencies": {
    "@sobotics/caching": {
      "version": "1.0.2",
      "resolved": "https://registry.npmjs.org/@sobotics/caching/-/caching-1.0.2.tgz",
      "integrity": "sha512-kHXgddZQioqpH47r2z5XoicgdGJbTSV6SwcvqneGvf9zgAwlZhh5NERHtLgZ6wsQJ55ZbocAcU6ic0Lrn+Eajg=="
    },
    "@sobotics/chatapi": {
      "version": "1.1.3",
      "resolved": "https://registry.npmjs.org/@sobotics/chatapi/-/chatapi-1.1.3.tgz",
      "integrity": "sha512-Gm32UZXzTrj/Np+uI31bDmaxDA1vHP+9ZG/cnvZP2+60VthoNNP0HJ7ecyFaw3ieC+taaTcYbEPjUcUA3PdI7w==",
      "requires": {
        "@sobotics/caching": "1.0.2",
        "tslib": "1.8.0"
      }
    },
    "@sobotics/sotools": {
      "version": "1.0.0",
      "resolved": "https://registry.npmjs.org/@sobotics/sotools/-/sotools-1.0.0.tgz",
      "integrity": "sha512-Q+3Dg/U15x34cSeIBHBYr2wLOS/x/WGOyK5DGNv/aRloNNqZO8SVdOMGW96TzXyijb2pUeD2iYkNlEevh71PeQ=="
    },
    "rxjs": {
      "version": "5.5.2",
      "resolved": "https://registry.npmjs.org/rxjs/-/rxjs-5.5.2.tgz",
      "integrity": "sha512-oRYoIKWBU3Ic37fLA5VJu31VqQO4bWubRntcHSJ+cwaDQBwdnZ9x4zmhJfm/nFQ2E82/I4loSioHnACamrKGgA==",
      "requires": {
        "symbol-observable": "1.0.4"
      }
    },
    "symbol-observable": {
      "version": "1.0.4",
      "resolved": "https://registry.npmjs.org/symbol-observable/-/symbol-observable-1.0.4.tgz",
      "integrity": "sha1-Kb9hXUqnEhvdiYsi1LP5vE4qoD0="
    },
    "tslib": {
      "version": "1.8.0",
      "resolved": "https://registry.npmjs.org/tslib/-/tslib-1.8.0.tgz",
      "integrity": "sha512-ymKWWZJST0/CkgduC2qkzjMOWr4bouhuURNXCn/inEX0L57BnRG6FhX76o7FOnsjHazCjfU2LKeSrlS2sIKQJg=="
    }
  }
}
