{
  "name": "@sobotics/genericbotapi",
  "version": "1.0.0",
  "lockfileVersion": 1,
  "requires": true,
  "dependencies": {
    "@sobotics/caching": {
      "version": "1.0.3",
      "resolved": "https://registry.npmjs.org/@sobotics/caching/-/caching-1.0.3.tgz",
      "integrity": "sha512-U9mx7Vo8F9DkmFjh1zFayhTUatrMYiiOoL19WkManAJmlaaYrycZkJG1hr+tlmtETZQlR/OC/bzx4+sovEP77w=="
    },
    "@sobotics/sotools": {
      "version": "1.0.1",
      "resolved": "https://registry.npmjs.org/@sobotics/sotools/-/sotools-1.0.1.tgz",
      "integrity": "sha512-TsRGWgP9nEdMCP174Rjy6SGG13GUAvcAThR77RFe5WZY5plOqChZTSLSapbSS/w99iaZXNQWR/H+1rNTPvbD6Q=="
    },
    "tslib": {
      "version": "1.8.0",
      "resolved": "https://registry.npmjs.org/tslib/-/tslib-1.8.0.tgz",
      "integrity": "sha512-ymKWWZJST0/CkgduC2qkzjMOWr4bouhuURNXCn/inEX0L57BnRG6FhX76o7FOnsjHazCjfU2LKeSrlS2sIKQJg=="
    }
  }
}
